// !$*UTF8*$!
{
	archiveVersion = 1;
	classes = {
	};
	objectVersion = 56;
	objects = {

/* Begin PBXBuildFile section */
		4F8520182C2D2C1400675700 /* CalController.swift in Sources */ = {isa = PBXBuildFile; fileRef = 4F8520172C2D2C1400675700 /* CalController.swift */; };
		4F97E27B2C2906C900A53841 /* InputDTO.swift in Sources */ = {isa = PBXBuildFile; fileRef = 4F97E27A2C2906C900A53841 /* InputDTO.swift */; };
		4F97E27E2C2908AE00A53841 /* CalculService.swift in Sources */ = {isa = PBXBuildFile; fileRef = 4F97E27D2C2908AE00A53841 /* CalculService.swift */; };
		4FCA92762C252CA40082492D /* AppDelegate.swift in Sources */ = {isa = PBXBuildFile; fileRef = 4FCA92752C252CA40082492D /* AppDelegate.swift */; };
		4FCA92782C252CA40082492D /* SceneDelegate.swift in Sources */ = {isa = PBXBuildFile; fileRef = 4FCA92772C252CA40082492D /* SceneDelegate.swift */; };
		4FCA927A2C252CA40082492D /* ViewController.swift in Sources */ = {isa = PBXBuildFile; fileRef = 4FCA92792C252CA40082492D /* ViewController.swift */; };
		4FCA927F2C252CA60082492D /* Assets.xcassets in Resources */ = {isa = PBXBuildFile; fileRef = 4FCA927E2C252CA60082492D /* Assets.xcassets */; };
		4FCA92822C252CA60082492D /* Base in Resources */ = {isa = PBXBuildFile; fileRef = 4FCA92812C252CA60082492D /* Base */; };
		4FCA928B2C252E3E0082492D /* SnapKit in Frameworks */ = {isa = PBXBuildFile; productRef = 4FCA928A2C252E3E0082492D /* SnapKit */; };
/* End PBXBuildFile section */

/* Begin PBXFileReference section */
		4F8520172C2D2C1400675700 /* CalController.swift */ = {isa = PBXFileReference; lastKnownFileType = sourcecode.swift; path = CalController.swift; sourceTree = "<group>"; };
		4F97E27A2C2906C900A53841 /* InputDTO.swift */ = {isa = PBXFileReference; lastKnownFileType = sourcecode.swift; path = InputDTO.swift; sourceTree = "<group>"; };
		4F97E27D2C2908AE00A53841 /* CalculService.swift */ = {isa = PBXFileReference; lastKnownFileType = sourcecode.swift; path = CalculService.swift; sourceTree = "<group>"; };
		4FCA92722C252CA40082492D /* codebaseCalcul.app */ = {isa = PBXFileReference; explicitFileType = wrapper.application; includeInIndex = 0; path = codebaseCalcul.app; sourceTree = BUILT_PRODUCTS_DIR; };
		4FCA92752C252CA40082492D /* AppDelegate.swift */ = {isa = PBXFileReference; lastKnownFileType = sourcecode.swift; path = AppDelegate.swift; sourceTree = "<group>"; };
		4FCA92772C252CA40082492D /* SceneDelegate.swift */ = {isa = PBXFileReference; lastKnownFileType = sourcecode.swift; path = SceneDelegate.swift; sourceTree = "<group>"; };
		4FCA92792C252CA40082492D /* ViewController.swift */ = {isa = PBXFileReference; lastKnownFileType = sourcecode.swift; path = ViewController.swift; sourceTree = "<group>"; };
		4FCA927E2C252CA60082492D /* Assets.xcassets */ = {isa = PBXFileReference; lastKnownFileType = folder.assetcatalog; path = Assets.xcassets; sourceTree = "<group>"; };
		4FCA92812C252CA60082492D /* Base */ = {isa = PBXFileReference; lastKnownFileType = file.storyboard; name = Base; path = Base.lproj/LaunchScreen.storyboard; sourceTree = "<group>"; };
		4FCA92832C252CA60082492D /* Info.plist */ = {isa = PBXFileReference; lastKnownFileType = text.plist.xml; path = Info.plist; sourceTree = "<group>"; };
/* End PBXFileReference section */

/* Begin PBXFrameworksBuildPhase section */
		4FCA926F2C252CA40082492D /* Frameworks */ = {
			isa = PBXFrameworksBuildPhase;
			buildActionMask = 2147483647;
			files = (
				4FCA928B2C252E3E0082492D /* SnapKit in Frameworks */,
			);
			runOnlyForDeploymentPostprocessing = 0;
		};
/* End PBXFrameworksBuildPhase section */

/* Begin PBXGroup section */
		4F8520152C2D2BE200675700 /* controller */ = {
			isa = PBXGroup;
			children = (
				4F8520172C2D2C1400675700 /* CalController.swift */,
			);
			path = controller;
			sourceTree = "<group>";
		};
		4F8520162C2D2BF600675700 /* view */ = {
			isa = PBXGroup;
			children = (
				4FCA92792C252CA40082492D /* ViewController.swift */,
			);
			path = view;
			sourceTree = "<group>";
		};
		4F97E2772C28FCD100A53841 /* dto */ = {
			isa = PBXGroup;
			children = (
				4F97E27A2C2906C900A53841 /* InputDTO.swift */,
			);
			path = dto;
			sourceTree = "<group>";
		};
		4F97E27C2C29089600A53841 /* service */ = {
			isa = PBXGroup;
			children = (
				4F97E27D2C2908AE00A53841 /* CalculService.swift */,
			);
			path = service;
			sourceTree = "<group>";
		};
		4FCA92692C252CA40082492D = {
			isa = PBXGroup;
			children = (
				4FCA92742C252CA40082492D /* codebaseCalcul */,
				4FCA92732C252CA40082492D /* Products */,
			);
			sourceTree = "<group>";
		};
		4FCA92732C252CA40082492D /* Products */ = {
			isa = PBXGroup;
			children = (
				4FCA92722C252CA40082492D /* codebaseCalcul.app */,
			);
			name = Products;
			sourceTree = "<group>";
		};
		4FCA92742C252CA40082492D /* codebaseCalcul */ = {
			isa = PBXGroup;
			children = (
				4F8520162C2D2BF600675700 /* view */,
				4F8520152C2D2BE200675700 /* controller */,
				4F97E27C2C29089600A53841 /* service */,
				4F97E2772C28FCD100A53841 /* dto */,
				4FCA92752C252CA40082492D /* AppDelegate.swift */,
				4FCA92772C252CA40082492D /* SceneDelegate.swift */,
				4FCA927E2C252CA60082492D /* Assets.xcassets */,
				4FCA92802C252CA60082492D /* LaunchScreen.storyboard */,
				4FCA92832C252CA60082492D /* Info.plist */,
			);
			path = codebaseCalcul;
			sourceTree = "<group>";
		};
/* End PBXGroup section */

/* Begin PBXNativeTarget section */
		4FCA92712C252CA40082492D /* codebaseCalcul */ = {
			isa = PBXNativeTarget;
			buildConfigurationList = 4FCA92862C252CA60082492D /* Build configuration list for PBXNativeTarget "codebaseCalcul" */;
			buildPhases = (
				4FCA926E2C252CA40082492D /* Sources */,
				4FCA926F2C252CA40082492D /* Frameworks */,
				4FCA92702C252CA40082492D /* Resources */,
			);
			buildRules = (
			);
			dependencies = (
			);
			name = codebaseCalcul;
			packageProductDependencies = (
				4FCA928A2C252E3E0082492D /* SnapKit */,
			);
			productName = codebaseCalcul;
			productReference = 4FCA92722C252CA40082492D /* codebaseCalcul.app */;
			productType = "com.apple.product-type.application";
		};
/* End PBXNativeTarget section */

/* Begin PBXProject section */
		4FCA926A2C252CA40082492D /* Project object */ = {
			isa = PBXProject;
			attributes = {
				BuildIndependentTargetsInParallel = 1;
				LastSwiftUpdateCheck = 1540;
				LastUpgradeCheck = 1540;
				TargetAttributes = {
					4FCA92712C252CA40082492D = {
						CreatedOnToolsVersion = 15.4;
					};
				};
			};
			buildConfigurationList = 4FCA926D2C252CA40082492D /* Build configuration list for PBXProject "codebaseCalcul" */;
			compatibilityVersion = "Xcode 14.0";
			developmentRegion = en;
			hasScannedForEncodings = 0;
			knownRegions = (
				en,
				Base,
			);
			mainGroup = 4FCA92692C252CA40082492D;
			packageReferences = (
				4FCA92892C252E3E0082492D /* XCRemoteSwiftPackageReference "SnapKit" */,
			);
			productRefGroup = 4FCA92732C252CA40082492D /* Products */;
			projectDirPath = "";
			projectRoot = "";
			targets = (
				4FCA92712C252CA40082492D /* codebaseCalcul */,
			);
		};
/* End PBXProject section */

/* Begin PBXResourcesBuildPhase section */
		4FCA92702C252CA40082492D /* Resources */ = {
			isa = PBXResourcesBuildPhase;
			buildActionMask = 2147483647;
			files = (
				4FCA927F2C252CA60082492D /* Assets.xcassets in Resources */,
				4FCA92822C252CA60082492D /* Base in Resources */,
			);
			runOnlyForDeploymentPostprocessing = 0;
		};
/* End PBXResourcesBuildPhase section */

/* Begin PBXSourcesBuildPhase section */
		4FCA926E2C252CA40082492D /* Sources */ = {
			isa = PBXSourcesBuildPhase;
			buildActionMask = 2147483647;
			files = (
				4F8520182C2D2C1400675700 /* CalController.swift in Sources */,
				4FCA927A2C252CA40082492D /* ViewController.swift in Sources */,
				4FCA92762C252CA40082492D /* AppDelegate.swift in Sources */,
				4FCA92782C252CA40082492D /* SceneDelegate.swift in Sources */,
				4F97E27E2C2908AE00A53841 /* CalculService.swift in Sources */,
				4F97E27B2C2906C900A53841 /* InputDTO.swift in Sources */,
			);
			runOnlyForDeploymentPostprocessing = 0;
		};
/* End PBXSourcesBuildPhase section */

/* Begin PBXVariantGroup section */
		4FCA92802C252CA60082492D /* LaunchScreen.storyboard */ = {
			isa = PBXVariantGroup;
			children = (
				4FCA92812C252CA60082492D /* Base */,
			);
			name = LaunchScreen.storyboard;
			sourceTree = "<group>";
		};
/* End PBXVariantGroup section */

/* Begin XCBuildConfiguration section */
		4FCA92842C252CA60082492D /* Debug */ = {
			isa = XCBuildConfiguration;
			buildSettings = {
				ALWAYS_SEARCH_USER_PATHS = NO;
				ASSETCATALOG_COMPILER_GENERATE_SWIFT_ASSET_SYMBOL_EXTENSIONS = YES;
				CLANG_ANALYZER_NONNULL = YES;
				CLANG_ANALYZER_NUMBER_OBJECT_CONVERSION = YES_AGGRESSIVE;
				CLANG_CXX_LANGUAGE_STANDARD = "gnu++20";
				CLANG_ENABLE_MODULES = YES;
				CLANG_ENABLE_OBJC_ARC = YES;
				CLANG_ENABLE_OBJC_WEAK = YES;
				CLANG_WARN_BLOCK_CAPTURE_AUTORELEASING = YES;
				CLANG_WARN_BOOL_CONVERSION = YES;
				CLANG_WARN_COMMA = YES;
				CLANG_WARN_CONSTANT_CONVERSION = YES;
				CLANG_WARN_DEPRECATED_OBJC_IMPLEMENTATIONS = YES;
				CLANG_WARN_DIRECT_OBJC_ISA_USAGE = YES_ERROR;
				CLANG_WARN_DOCUMENTATION_COMMENTS = YES;
				CLANG_WARN_EMPTY_BODY = YES;
				CLANG_WARN_ENUM_CONVERSION = YES;
				CLANG_WARN_INFINITE_RECURSION = YES;
				CLANG_WARN_INT_CONVERSION = YES;
				CLANG_WARN_NON_LITERAL_NULL_CONVERSION = YES;
				CLANG_WARN_OBJC_IMPLICIT_RETAIN_SELF = YES;
				CLANG_WARN_OBJC_LITERAL_CONVERSION = YES;
				CLANG_WARN_OBJC_ROOT_CLASS = YES_ERROR;
				CLANG_WARN_QUOTED_INCLUDE_IN_FRAMEWORK_HEADER = YES;
				CLANG_WARN_RANGE_LOOP_ANALYSIS = YES;
				CLANG_WARN_STRICT_PROTOTYPES = YES;
				CLANG_WARN_SUSPICIOUS_MOVE = YES;
				CLANG_WARN_UNGUARDED_AVAILABILITY = YES_AGGRESSIVE;
				CLANG_WARN_UNREACHABLE_CODE = YES;
				CLANG_WARN__DUPLICATE_METHOD_MATCH = YES;
				COPY_PHASE_STRIP = NO;
				DEBUG_INFORMATION_FORMAT = dwarf;
				ENABLE_STRICT_OBJC_MSGSEND = YES;
				ENABLE_TESTABILITY = YES;
				ENABLE_USER_SCRIPT_SANDBOXING = YES;
				GCC_C_LANGUAGE_STANDARD = gnu17;
				GCC_DYNAMIC_NO_PIC = NO;
				GCC_NO_COMMON_BLOCKS = YES;
				GCC_OPTIMIZATION_LEVEL = 0;
				GCC_PREPROCESSOR_DEFINITIONS = (
					"DEBUG=1",
					"$(inherited)",
				);
				GCC_WARN_64_TO_32_BIT_CONVERSION = YES;
				GCC_WARN_ABOUT_RETURN_TYPE = YES_ERROR;
				GCC_WARN_UNDECLARED_SELECTOR = YES;
				GCC_WARN_UNINITIALIZED_AUTOS = YES_AGGRESSIVE;
				GCC_WARN_UNUSED_FUNCTION = YES;
				GCC_WARN_UNUSED_VARIABLE = YES;
				IPHONEOS_DEPLOYMENT_TARGET = 17.5;
				LOCALIZATION_PREFERS_STRING_CATALOGS = YES;
				MTL_ENABLE_DEBUG_INFO = INCLUDE_SOURCE;
				MTL_FAST_MATH = YES;
				ONLY_ACTIVE_ARCH = YES;
				SDKROOT = iphoneos;
				SWIFT_ACTIVE_COMPILATION_CONDITIONS = "DEBUG $(inherited)";
				SWIFT_OPTIMIZATION_LEVEL = "-Onone";
			};
			name = Debug;
		};
		4FCA92852C252CA60082492D /* Release */ = {
			isa = XCBuildConfiguration;
			buildSettings = {
				ALWAYS_SEARCH_USER_PATHS = NO;
				ASSETCATALOG_COMPILER_GENERATE_SWIFT_ASSET_SYMBOL_EXTENSIONS = YES;
				CLANG_ANALYZER_NONNULL = YES;
				CLANG_ANALYZER_NUMBER_OBJECT_CONVERSION = YES_AGGRESSIVE;
				CLANG_CXX_LANGUAGE_STANDARD = "gnu++20";
				CLANG_ENABLE_MODULES = YES;
				CLANG_ENABLE_OBJC_ARC = YES;
				CLANG_ENABLE_OBJC_WEAK = YES;
				CLANG_WARN_BLOCK_CAPTURE_AUTORELEASING = YES;
				CLANG_WARN_BOOL_CONVERSION = YES;
				CLANG_WARN_COMMA = YES;
				CLANG_WARN_CONSTANT_CONVERSION = YES;
				CLANG_WARN_DEPRECATED_OBJC_IMPLEMENTATIONS = YES;
				CLANG_WARN_DIRECT_OBJC_ISA_USAGE = YES_ERROR;
				CLANG_WARN_DOCUMENTATION_COMMENTS = YES;
				CLANG_WARN_EMPTY_BODY = YES;
				CLANG_WARN_ENUM_CONVERSION = YES;
				CLANG_WARN_INFINITE_RECURSION = YES;
				CLANG_WARN_INT_CONVERSION = YES;
				CLANG_WARN_NON_LITERAL_NULL_CONVERSION = YES;
				CLANG_WARN_OBJC_IMPLICIT_RETAIN_SELF = YES;
				CLANG_WARN_OBJC_LITERAL_CONVERSION = YES;
				CLANG_WARN_OBJC_ROOT_CLASS = YES_ERROR;
				CLANG_WARN_QUOTED_INCLUDE_IN_FRAMEWORK_HEADER = YES;
				CLANG_WARN_RANGE_LOOP_ANALYSIS = YES;
				CLANG_WARN_STRICT_PROTOTYPES = YES;
				CLANG_WARN_SUSPICIOUS_MOVE = YES;
				CLANG_WARN_UNGUARDED_AVAILABILITY = YES_AGGRESSIVE;
				CLANG_WARN_UNREACHABLE_CODE = YES;
				CLANG_WARN__DUPLICATE_METHOD_MATCH = YES;
				COPY_PHASE_STRIP = NO;
				DEBUG_INFORMATION_FORMAT = "dwarf-with-dsym";
				ENABLE_NS_ASSERTIONS = NO;
				ENABLE_STRICT_OBJC_MSGSEND = YES;
				ENABLE_USER_SCRIPT_SANDBOXING = YES;
				GCC_C_LANGUAGE_STANDARD = gnu17;
				GCC_NO_COMMON_BLOCKS = YES;
				GCC_WARN_64_TO_32_BIT_CONVERSION = YES;
				GCC_WARN_ABOUT_RETURN_TYPE = YES_ERROR;
				GCC_WARN_UNDECLARED_SELECTOR = YES;
				GCC_WARN_UNINITIALIZED_AUTOS = YES_AGGRESSIVE;
				GCC_WARN_UNUSED_FUNCTION = YES;
				GCC_WARN_UNUSED_VARIABLE = YES;
				IPHONEOS_DEPLOYMENT_TARGET = 17.5;
				LOCALIZATION_PREFERS_STRING_CATALOGS = YES;
				MTL_ENABLE_DEBUG_INFO = NO;
				MTL_FAST_MATH = YES;
				SDKROOT = iphoneos;
				SWIFT_COMPILATION_MODE = wholemodule;
				VALIDATE_PRODUCT = YES;
			};
			name = Release;
		};
		4FCA92872C252CA60082492D /* Debug */ = {
			isa = XCBuildConfiguration;
			buildSettings = {
				ASSETCATALOG_COMPILER_APPICON_NAME = AppIcon;
				ASSETCATALOG_COMPILER_GLOBAL_ACCENT_COLOR_NAME = AccentColor;
				CODE_SIGN_STYLE = Automatic;
				CURRENT_PROJECT_VERSION = 1;
				DEVELOPMENT_TEAM = PUYA877FC7;
				GENERATE_INFOPLIST_FILE = YES;
				INFOPLIST_FILE = codebaseCalcul/Info.plist;
				INFOPLIST_KEY_UIApplicationSupportsIndirectInputEvents = YES;
				INFOPLIST_KEY_UILaunchStoryboardName = LaunchScreen;
				INFOPLIST_KEY_UISupportedInterfaceOrientations_iPad = "UIInterfaceOrientationPortrait UIInterfaceOrientationPortraitUpsideDown UIInterfaceOrientationLandscapeLeft UIInterfaceOrientationLandscapeRight";
				INFOPLIST_KEY_UISupportedInterfaceOrientations_iPhone = "UIInterfaceOrientationPortrait UIInterfaceOrientationLandscapeLeft UIInterfaceOrientationLandscapeRight";
				LD_RUNPATH_SEARCH_PATHS = (
					"$(inherited)",
					"@executable_path/Frameworks",
				);
				MARKETING_VERSION = 1.0;
				PRODUCT_BUNDLE_IDENTIFIER = com.firstProject.codebaseCalcul;
				PRODUCT_NAME = "$(TARGET_NAME)";
				SWIFT_EMIT_LOC_STRINGS = YES;
				SWIFT_VERSION = 5.0;
				TARGETED_DEVICE_FAMILY = "1,2";
			};
			name = Debug;
		};
		4FCA92882C252CA60082492D /* Release */ = {
			isa = XCBuildConfiguration;
			buildSettings = {
				ASSETCATALOG_COMPILER_APPICON_NAME = AppIcon;
				ASSETCATALOG_COMPILER_GLOBAL_ACCENT_COLOR_NAME = AccentColor;
				CODE_SIGN_STYLE = Automatic;
				CURRENT_PROJECT_VERSION = 1;
				DEVELOPMENT_TEAM = PUYA877FC7;
				GENERATE_INFOPLIST_FILE = YES;
				INFOPLIST_FILE = codebaseCalcul/Info.plist;
				INFOPLIST_KEY_UIApplicationSupportsIndirectInputEvents = YES;
				INFOPLIST_KEY_UILaunchStoryboardName = LaunchScreen;
				INFOPLIST_KEY_UISupportedInterfaceOrientations_iPad = "UIInterfaceOrientationPortrait UIInterfaceOrientationPortraitUpsideDown UIInterfaceOrientationLandscapeLeft UIInterfaceOrientationLandscapeRight";
				INFOPLIST_KEY_UISupportedInterfaceOrientations_iPhone = "UIInterfaceOrientationPortrait UIInterfaceOrientationLandscapeLeft UIInterfaceOrientationLandscapeRight";
				LD_RUNPATH_SEARCH_PATHS = (
					"$(inherited)",
					"@executable_path/Frameworks",
				);
				MARKETING_VERSION = 1.0;
				PRODUCT_BUNDLE_IDENTIFIER = com.firstProject.codebaseCalcul;
				PRODUCT_NAME = "$(TARGET_NAME)";
				SWIFT_EMIT_LOC_STRINGS = YES;
				SWIFT_VERSION = 5.0;
				TARGETED_DEVICE_FAMILY = "1,2";
			};
			name = Release;
		};
/* End XCBuildConfiguration section */

/* Begin XCConfigurationList section */
		4FCA926D2C252CA40082492D /* Build configuration list for PBXProject "codebaseCalcul" */ = {
			isa = XCConfigurationList;
			buildConfigurations = (
				4FCA92842C252CA60082492D /* Debug */,
				4FCA92852C252CA60082492D /* Release */,
			);
			defaultConfigurationIsVisible = 0;
			defaultConfigurationName = Release;
		};
		4FCA92862C252CA60082492D /* Build configuration list for PBXNativeTarget "codebaseCalcul" */ = {
			isa = XCConfigurationList;
			buildConfigurations = (
				4FCA92872C252CA60082492D /* Debug */,
				4FCA92882C252CA60082492D /* Release */,
			);
			defaultConfigurationIsVisible = 0;
			defaultConfigurationName = Release;
		};
/* End XCConfigurationList section */

/* Begin XCRemoteSwiftPackageReference section */
		4FCA92892C252E3E0082492D /* XCRemoteSwiftPackageReference "SnapKit" */ = {
			isa = XCRemoteSwiftPackageReference;
			repositoryURL = "https://github.com/SnapKit/SnapKit.git";
			requirement = {
				kind = upToNextMajorVersion;
				minimumVersion = 5.7.1;
			};
		};
/* End XCRemoteSwiftPackageReference section */

/* Begin XCSwiftPackageProductDependency section */
		4FCA928A2C252E3E0082492D /* SnapKit */ = {
			isa = XCSwiftPackageProductDependency;
			package = 4FCA92892C252E3E0082492D /* XCRemoteSwiftPackageReference "SnapKit" */;
			productName = SnapKit;
		};
/* End XCSwiftPackageProductDependency section */
	};
	rootObject = 4FCA926A2C252CA40082492D /* Project object */;
}
